{
  "nodes": {
    "ham-overlay": {
      "inputs": {
        "nixpkgs": [
          "nixpkgs"
        ]
      },
      "locked": {
        "lastModified": 1691697034,
        "narHash": "sha256-OkkzScMy3bvwM3RjaFQasSCqeGEmnyuQr3msHJnMOhk=",
        "owner": "sarcasticadmin",
        "repo": "ham-overlay",
        "rev": "ae4f6598391185435313df7de32beb8810c50103",
        "type": "github"
      },
      "original": {
        "owner": "sarcasticadmin",
        "repo": "ham-overlay",
        "type": "github"
      }
    },
    "nixpkgs": {
      "locked": {
        "lastModified": 1696039360,
        "narHash": "sha256-g7nIUV4uq1TOVeVIDEZLb005suTWCUjSY0zYOlSBsyE=",
        "owner": "nixos",
        "repo": "nixpkgs",
        "rev": "32dcb45f66c0487e92db8303a798ebc548cadedc",
        "type": "github"
      },
      "original": {
        "owner": "nixos",
        "ref": "nixos-23.05",
        "repo": "nixpkgs",
        "type": "github"
      }
    },
    "root": {
      "inputs": {
        "ham-overlay": "ham-overlay",
        "nixpkgs": "nixpkgs"
      }
    }
  },
  "root": "root",
  "version": 7
}
